// !$*UTF8*$!
{
	archiveVersion = 1;
	classes = {
	};
	objectVersion = 50;
	objects = {

/* Begin PBXBuildFile section */
		283665EE21DC9C13000C32E9 /* Extensions.swift in Sources */ = {isa = PBXBuildFile; fileRef = 283665ED21DC9C13000C32E9 /* Extensions.swift */; };
		283665F021DCAC3D000C32E9 /* LoadingIndicator.swift in Sources */ = {isa = PBXBuildFile; fileRef = 283665EF21DCAC3D000C32E9 /* LoadingIndicator.swift */; };
		283665F221DCAC73000C32E9 /* LoadingView.swift in Sources */ = {isa = PBXBuildFile; fileRef = 283665F121DCAC73000C32E9 /* LoadingView.swift */; };
		28772D6921D8BAB1008760C3 /* AppDelegate.swift in Sources */ = {isa = PBXBuildFile; fileRef = 28772D6821D8BAB1008760C3 /* AppDelegate.swift */; };
		28772D7021D8BAB4008760C3 /* Assets.xcassets in Resources */ = {isa = PBXBuildFile; fileRef = 28772D6F21D8BAB4008760C3 /* Assets.xcassets */; };
		28772D7321D8BAB4008760C3 /* LaunchScreen.storyboard in Resources */ = {isa = PBXBuildFile; fileRef = 28772D7121D8BAB4008760C3 /* LaunchScreen.storyboard */; };
		28772D9E21D8DE04008760C3 /* RMKit.framework in Frameworks */ = {isa = PBXBuildFile; fileRef = 28772D9D21D8DE04008760C3 /* RMKit.framework */; };
		28772D9F21D8DE04008760C3 /* RMKit.framework in Embed Frameworks */ = {isa = PBXBuildFile; fileRef = 28772D9D21D8DE04008760C3 /* RMKit.framework */; settings = {ATTRIBUTES = (CodeSignOnCopy, RemoveHeadersOnCopy, ); }; };
		28772DA821D958DD008760C3 /* RMListViewController.swift in Sources */ = {isa = PBXBuildFile; fileRef = 28772DA621D958DD008760C3 /* RMListViewController.swift */; };
		28772DA921D958DD008760C3 /* RMListViewController.xib in Resources */ = {isa = PBXBuildFile; fileRef = 28772DA721D958DD008760C3 /* RMListViewController.xib */; };
		28772DAC21D95B09008760C3 /* RMListAppearence.swift in Sources */ = {isa = PBXBuildFile; fileRef = 28772DAB21D95B09008760C3 /* RMListAppearence.swift */; };
		28772DAE21D95B50008760C3 /* RMRemoteListAppearence.swift in Sources */ = {isa = PBXBuildFile; fileRef = 28772DAD21D95B4F008760C3 /* RMRemoteListAppearence.swift */; };
		28772DB221D95C91008760C3 /* RMRemoteListRouter.swift in Sources */ = {isa = PBXBuildFile; fileRef = 28772DB121D95C91008760C3 /* RMRemoteListRouter.swift */; };
		28772DB421D95CAC008760C3 /* RMListRouter.swift in Sources */ = {isa = PBXBuildFile; fileRef = 28772DB321D95CAC008760C3 /* RMListRouter.swift */; };
		28772DB621D95F16008760C3 /* RMListCollectionHandler.swift in Sources */ = {isa = PBXBuildFile; fileRef = 28772DB521D95F16008760C3 /* RMListCollectionHandler.swift */; };
		28772DBB21D96010008760C3 /* RMCellConfigurator.swift in Sources */ = {isa = PBXBuildFile; fileRef = 28772DBA21D96010008760C3 /* RMCellConfigurator.swift */; };
		28772DBD21D960B8008760C3 /* RMStandartCellConfigurator.swift in Sources */ = {isa = PBXBuildFile; fileRef = 28772DBC21D960B8008760C3 /* RMStandartCellConfigurator.swift */; };
		28772DC421D961B2008760C3 /* RMCharacterCell.swift in Sources */ = {isa = PBXBuildFile; fileRef = 28772DC221D961B2008760C3 /* RMCharacterCell.swift */; };
		28772DC521D961B2008760C3 /* RMCharacterCell.xib in Resources */ = {isa = PBXBuildFile; fileRef = 28772DC321D961B2008760C3 /* RMCharacterCell.xib */; };
		28772DC721D96B41008760C3 /* RMListModel.swift in Sources */ = {isa = PBXBuildFile; fileRef = 28772DC621D96B41008760C3 /* RMListModel.swift */; };
		28772DC921D96B57008760C3 /* RMListPresenter.swift in Sources */ = {isa = PBXBuildFile; fileRef = 28772DC821D96B57008760C3 /* RMListPresenter.swift */; };
		28772DCB21D96B70008760C3 /* RMListView.swift in Sources */ = {isa = PBXBuildFile; fileRef = 28772DCA21D96B70008760C3 /* RMListView.swift */; };
		28772DCD21D96BAB008760C3 /* RMRemoteListModel.swift in Sources */ = {isa = PBXBuildFile; fileRef = 28772DCC21D96BAB008760C3 /* RMRemoteListModel.swift */; };
		28772DCF21D96BD1008760C3 /* RMListModelOutput.swift in Sources */ = {isa = PBXBuildFile; fileRef = 28772DCE21D96BD1008760C3 /* RMListModelOutput.swift */; };
		28772DD421D96FA4008760C3 /* RMListRemotePresenter.swift in Sources */ = {isa = PBXBuildFile; fileRef = 28772DD321D96FA4008760C3 /* RMListRemotePresenter.swift */; };
		28772DD621D97228008760C3 /* RMStandartCollectionHandler.swift in Sources */ = {isa = PBXBuildFile; fileRef = 28772DD521D97228008760C3 /* RMStandartCollectionHandler.swift */; };
		28ABC2F421DF35590032251D /* RMCollectionLayout.swift in Sources */ = {isa = PBXBuildFile; fileRef = 28ABC2F321DF35590032251D /* RMCollectionLayout.swift */; };
		28ABC2F621DF3D8D0032251D /* RMCollectionLayoutDelegate.swift in Sources */ = {isa = PBXBuildFile; fileRef = 28ABC2F521DF3D8D0032251D /* RMCollectionLayoutDelegate.swift */; };
		28ABC2F821DF3E7F0032251D /* RMCollectionLayoutAttributes.swift in Sources */ = {isa = PBXBuildFile; fileRef = 28ABC2F721DF3E7F0032251D /* RMCollectionLayoutAttributes.swift */; };
		28ABC2FA21DF498B0032251D /* RMAdvancedCollectionHandler.swift in Sources */ = {isa = PBXBuildFile; fileRef = 28ABC2F921DF498B0032251D /* RMAdvancedCollectionHandler.swift */; };
/* End PBXBuildFile section */

/* Begin PBXCopyFilesBuildPhase section */
		28772DA021D8DE05008760C3 /* Embed Frameworks */ = {
			isa = PBXCopyFilesBuildPhase;
			buildActionMask = 2147483647;
			dstPath = "";
			dstSubfolderSpec = 10;
			files = (
				28772D9F21D8DE04008760C3 /* RMKit.framework in Embed Frameworks */,
			);
			name = "Embed Frameworks";
			runOnlyForDeploymentPostprocessing = 0;
		};
/* End PBXCopyFilesBuildPhase section */

/* Begin PBXFileReference section */
		283665ED21DC9C13000C32E9 /* Extensions.swift */ = {isa = PBXFileReference; lastKnownFileType = sourcecode.swift; path = Extensions.swift; sourceTree = "<group>"; };
		283665EF21DCAC3D000C32E9 /* LoadingIndicator.swift */ = {isa = PBXFileReference; fileEncoding = 4; lastKnownFileType = sourcecode.swift; path = LoadingIndicator.swift; sourceTree = "<group>"; };
		283665F121DCAC73000C32E9 /* LoadingView.swift */ = {isa = PBXFileReference; lastKnownFileType = sourcecode.swift; path = LoadingView.swift; sourceTree = "<group>"; };
		28772D6521D8BAB1008760C3 /* Rick&Morty.app */ = {isa = PBXFileReference; explicitFileType = wrapper.application; includeInIndex = 0; path = "Rick&Morty.app"; sourceTree = BUILT_PRODUCTS_DIR; };
		28772D6821D8BAB1008760C3 /* AppDelegate.swift */ = {isa = PBXFileReference; lastKnownFileType = sourcecode.swift; path = AppDelegate.swift; sourceTree = "<group>"; };
		28772D6F21D8BAB4008760C3 /* Assets.xcassets */ = {isa = PBXFileReference; lastKnownFileType = folder.assetcatalog; path = Assets.xcassets; sourceTree = "<group>"; };
		28772D7221D8BAB4008760C3 /* Base */ = {isa = PBXFileReference; lastKnownFileType = file.storyboard; name = Base; path = Base.lproj/LaunchScreen.storyboard; sourceTree = "<group>"; };
		28772D7421D8BAB4008760C3 /* Info.plist */ = {isa = PBXFileReference; lastKnownFileType = text.plist.xml; path = Info.plist; sourceTree = "<group>"; };
		28772D9D21D8DE04008760C3 /* RMKit.framework */ = {isa = PBXFileReference; explicitFileType = wrapper.framework; path = RMKit.framework; sourceTree = BUILT_PRODUCTS_DIR; };
		28772DA621D958DD008760C3 /* RMListViewController.swift */ = {isa = PBXFileReference; lastKnownFileType = sourcecode.swift; path = RMListViewController.swift; sourceTree = "<group>"; };
		28772DA721D958DD008760C3 /* RMListViewController.xib */ = {isa = PBXFileReference; lastKnownFileType = file.xib; path = RMListViewController.xib; sourceTree = "<group>"; };
		28772DAB21D95B09008760C3 /* RMListAppearence.swift */ = {isa = PBXFileReference; lastKnownFileType = sourcecode.swift; path = RMListAppearence.swift; sourceTree = "<group>"; };
		28772DAD21D95B4F008760C3 /* RMRemoteListAppearence.swift */ = {isa = PBXFileReference; lastKnownFileType = sourcecode.swift; path = RMRemoteListAppearence.swift; sourceTree = "<group>"; };
		28772DB121D95C91008760C3 /* RMRemoteListRouter.swift */ = {isa = PBXFileReference; lastKnownFileType = sourcecode.swift; path = RMRemoteListRouter.swift; sourceTree = "<group>"; };
		28772DB321D95CAC008760C3 /* RMListRouter.swift */ = {isa = PBXFileReference; lastKnownFileType = sourcecode.swift; path = RMListRouter.swift; sourceTree = "<group>"; };
		28772DB521D95F16008760C3 /* RMListCollectionHandler.swift */ = {isa = PBXFileReference; lastKnownFileType = sourcecode.swift; path = RMListCollectionHandler.swift; sourceTree = "<group>"; };
		28772DBA21D96010008760C3 /* RMCellConfigurator.swift */ = {isa = PBXFileReference; lastKnownFileType = sourcecode.swift; path = RMCellConfigurator.swift; sourceTree = "<group>"; };
		28772DBC21D960B8008760C3 /* RMStandartCellConfigurator.swift */ = {isa = PBXFileReference; lastKnownFileType = sourcecode.swift; path = RMStandartCellConfigurator.swift; sourceTree = "<group>"; };
		28772DC221D961B2008760C3 /* RMCharacterCell.swift */ = {isa = PBXFileReference; lastKnownFileType = sourcecode.swift; path = RMCharacterCell.swift; sourceTree = "<group>"; };
		28772DC321D961B2008760C3 /* RMCharacterCell.xib */ = {isa = PBXFileReference; lastKnownFileType = file.xib; path = RMCharacterCell.xib; sourceTree = "<group>"; };
		28772DC621D96B41008760C3 /* RMListModel.swift */ = {isa = PBXFileReference; lastKnownFileType = sourcecode.swift; path = RMListModel.swift; sourceTree = "<group>"; };
		28772DC821D96B57008760C3 /* RMListPresenter.swift */ = {isa = PBXFileReference; lastKnownFileType = sourcecode.swift; path = RMListPresenter.swift; sourceTree = "<group>"; };
		28772DCA21D96B70008760C3 /* RMListView.swift */ = {isa = PBXFileReference; lastKnownFileType = sourcecode.swift; path = RMListView.swift; sourceTree = "<group>"; };
		28772DCC21D96BAB008760C3 /* RMRemoteListModel.swift */ = {isa = PBXFileReference; lastKnownFileType = sourcecode.swift; path = RMRemoteListModel.swift; sourceTree = "<group>"; };
		28772DCE21D96BD1008760C3 /* RMListModelOutput.swift */ = {isa = PBXFileReference; lastKnownFileType = sourcecode.swift; path = RMListModelOutput.swift; sourceTree = "<group>"; };
		28772DD321D96FA4008760C3 /* RMListRemotePresenter.swift */ = {isa = PBXFileReference; lastKnownFileType = sourcecode.swift; path = RMListRemotePresenter.swift; sourceTree = "<group>"; };
		28772DD521D97228008760C3 /* RMStandartCollectionHandler.swift */ = {isa = PBXFileReference; lastKnownFileType = sourcecode.swift; path = RMStandartCollectionHandler.swift; sourceTree = "<group>"; };
		28ABC2F321DF35590032251D /* RMCollectionLayout.swift */ = {isa = PBXFileReference; lastKnownFileType = sourcecode.swift; path = RMCollectionLayout.swift; sourceTree = "<group>"; };
		28ABC2F521DF3D8D0032251D /* RMCollectionLayoutDelegate.swift */ = {isa = PBXFileReference; lastKnownFileType = sourcecode.swift; path = RMCollectionLayoutDelegate.swift; sourceTree = "<group>"; };
		28ABC2F721DF3E7F0032251D /* RMCollectionLayoutAttributes.swift */ = {isa = PBXFileReference; lastKnownFileType = sourcecode.swift; path = RMCollectionLayoutAttributes.swift; sourceTree = "<group>"; };
		28ABC2F921DF498B0032251D /* RMAdvancedCollectionHandler.swift */ = {isa = PBXFileReference; lastKnownFileType = sourcecode.swift; path = RMAdvancedCollectionHandler.swift; sourceTree = "<group>"; };
/* End PBXFileReference section */

/* Begin PBXFrameworksBuildPhase section */
		28772D6221D8BAB1008760C3 /* Frameworks */ = {
			isa = PBXFrameworksBuildPhase;
			buildActionMask = 2147483647;
			files = (
				28772D9E21D8DE04008760C3 /* RMKit.framework in Frameworks */,
			);
			runOnlyForDeploymentPostprocessing = 0;
		};
/* End PBXFrameworksBuildPhase section */

/* Begin PBXGroup section */
		283665EA21DC951F000C32E9 /* Views */ = {
			isa = PBXGroup;
			children = (
				283665EF21DCAC3D000C32E9 /* LoadingIndicator.swift */,
				283665F121DCAC73000C32E9 /* LoadingView.swift */,
			);
			path = Views;
			sourceTree = "<group>";
		};
		28772D5C21D8BAB1008760C3 = {
			isa = PBXGroup;
			children = (
				28772DA121D8DE0D008760C3 /* Frameworks */,
				28772D6721D8BAB1008760C3 /* Rick&Morty */,
				28772D6621D8BAB1008760C3 /* Products */,
			);
			sourceTree = "<group>";
		};
		28772D6621D8BAB1008760C3 /* Products */ = {
			isa = PBXGroup;
			children = (
				28772D6521D8BAB1008760C3 /* Rick&Morty.app */,
			);
			name = Products;
			sourceTree = "<group>";
		};
		28772D6721D8BAB1008760C3 /* Rick&Morty */ = {
			isa = PBXGroup;
			children = (
				283665EA21DC951F000C32E9 /* Views */,
				28772DA321D95891008760C3 /* Scopes */,
				28772D6821D8BAB1008760C3 /* AppDelegate.swift */,
				283665ED21DC9C13000C32E9 /* Extensions.swift */,
				28772DA221D95875008760C3 /* Support filles */,
			);
			path = "Rick&Morty";
			sourceTree = "<group>";
		};
		28772DA121D8DE0D008760C3 /* Frameworks */ = {
			isa = PBXGroup;
			children = (
				28772D9D21D8DE04008760C3 /* RMKit.framework */,
			);
			path = Frameworks;
			sourceTree = "<group>";
		};
		28772DA221D95875008760C3 /* Support filles */ = {
			isa = PBXGroup;
			children = (
				28772D6F21D8BAB4008760C3 /* Assets.xcassets */,
				28772D7121D8BAB4008760C3 /* LaunchScreen.storyboard */,
				28772D7421D8BAB4008760C3 /* Info.plist */,
			);
			path = "Support filles";
			sourceTree = "<group>";
		};
		28772DA321D95891008760C3 /* Scopes */ = {
			isa = PBXGroup;
			children = (
				28772DA421D9589B008760C3 /* Rick&MortyList */,
			);
			path = Scopes;
			sourceTree = "<group>";
		};
		28772DA421D9589B008760C3 /* Rick&MortyList */ = {
			isa = PBXGroup;
			children = (
				28772DAF21D95B81008760C3 /* RemoteListObjects */,
				28772DB721D95F20008760C3 /* CollectionViewRelatedObjects */,
				28772DAA21D95AF0008760C3 /* Protocols */,
				28772DA521D958BB008760C3 /* ViewController */,
			);
			path = "Rick&MortyList";
			sourceTree = "<group>";
		};
		28772DA521D958BB008760C3 /* ViewController */ = {
			isa = PBXGroup;
			children = (
				28772DA621D958DD008760C3 /* RMListViewController.swift */,
				28772DA721D958DD008760C3 /* RMListViewController.xib */,
			);
			path = ViewController;
			sourceTree = "<group>";
		};
		28772DAA21D95AF0008760C3 /* Protocols */ = {
			isa = PBXGroup;
			children = (
				28772DAB21D95B09008760C3 /* RMListAppearence.swift */,
				28772DB321D95CAC008760C3 /* RMListRouter.swift */,
				28772DB521D95F16008760C3 /* RMListCollectionHandler.swift */,
				28772DBA21D96010008760C3 /* RMCellConfigurator.swift */,
				28772DC621D96B41008760C3 /* RMListModel.swift */,
				28772DC821D96B57008760C3 /* RMListPresenter.swift */,
				28772DCA21D96B70008760C3 /* RMListView.swift */,
				28772DCE21D96BD1008760C3 /* RMListModelOutput.swift */,
			);
			path = Protocols;
			sourceTree = "<group>";
		};
		28772DAF21D95B81008760C3 /* RemoteListObjects */ = {
			isa = PBXGroup;
			children = (
				28772DAD21D95B4F008760C3 /* RMRemoteListAppearence.swift */,
				28772DB121D95C91008760C3 /* RMRemoteListRouter.swift */,
				28772DCC21D96BAB008760C3 /* RMRemoteListModel.swift */,
				28772DD321D96FA4008760C3 /* RMListRemotePresenter.swift */,
			);
			path = RemoteListObjects;
			sourceTree = "<group>";
		};
		28772DB721D95F20008760C3 /* CollectionViewRelatedObjects */ = {
			isa = PBXGroup;
			children = (
				28772DBE21D960EB008760C3 /* RMCharacterCell */,
				28772DBC21D960B8008760C3 /* RMStandartCellConfigurator.swift */,
				28772DD521D97228008760C3 /* RMStandartCollectionHandler.swift */,
				28ABC2F321DF35590032251D /* RMCollectionLayout.swift */,
				28ABC2F521DF3D8D0032251D /* RMCollectionLayoutDelegate.swift */,
				28ABC2F721DF3E7F0032251D /* RMCollectionLayoutAttributes.swift */,
				28ABC2F921DF498B0032251D /* RMAdvancedCollectionHandler.swift */,
			);
			path = CollectionViewRelatedObjects;
			sourceTree = "<group>";
		};
		28772DBE21D960EB008760C3 /* RMCharacterCell */ = {
			isa = PBXGroup;
			children = (
				28772DC221D961B2008760C3 /* RMCharacterCell.swift */,
				28772DC321D961B2008760C3 /* RMCharacterCell.xib */,
			);
			path = RMCharacterCell;
			sourceTree = "<group>";
		};
/* End PBXGroup section */

/* Begin PBXNativeTarget section */
		28772D6421D8BAB1008760C3 /* Rick&Morty */ = {
			isa = PBXNativeTarget;
			buildConfigurationList = 28772D7721D8BAB4008760C3 /* Build configuration list for PBXNativeTarget "Rick&Morty" */;
			buildPhases = (
				28772D6121D8BAB1008760C3 /* Sources */,
				28772D6221D8BAB1008760C3 /* Frameworks */,
				28772D6321D8BAB1008760C3 /* Resources */,
				28772DA021D8DE05008760C3 /* Embed Frameworks */,
			);
			buildRules = (
			);
			dependencies = (
			);
			name = "Rick&Morty";
			productName = "Rick&Morty";
			productReference = 28772D6521D8BAB1008760C3 /* Rick&Morty.app */;
			productType = "com.apple.product-type.application";
		};
/* End PBXNativeTarget section */

/* Begin PBXProject section */
		28772D5D21D8BAB1008760C3 /* Project object */ = {
			isa = PBXProject;
			attributes = {
				LastSwiftUpdateCheck = 1010;
				LastUpgradeCheck = 1010;
				ORGANIZATIONNAME = igortomilin;
				TargetAttributes = {
					28772D6421D8BAB1008760C3 = {
						CreatedOnToolsVersion = 10.1;
					};
				};
			};
			buildConfigurationList = 28772D6021D8BAB1008760C3 /* Build configuration list for PBXProject "Rick&Morty" */;
			compatibilityVersion = "Xcode 9.3";
			developmentRegion = en;
			hasScannedForEncodings = 0;
			knownRegions = (
				en,
				Base,
			);
			mainGroup = 28772D5C21D8BAB1008760C3;
			productRefGroup = 28772D6621D8BAB1008760C3 /* Products */;
			projectDirPath = "";
			projectRoot = "";
			targets = (
				28772D6421D8BAB1008760C3 /* Rick&Morty */,
			);
		};
/* End PBXProject section */

/* Begin PBXResourcesBuildPhase section */
		28772D6321D8BAB1008760C3 /* Resources */ = {
			isa = PBXResourcesBuildPhase;
			buildActionMask = 2147483647;
			files = (
				28772DC521D961B2008760C3 /* RMCharacterCell.xib in Resources */,
				28772D7321D8BAB4008760C3 /* LaunchScreen.storyboard in Resources */,
				28772DA921D958DD008760C3 /* RMListViewController.xib in Resources */,
				28772D7021D8BAB4008760C3 /* Assets.xcassets in Resources */,
			);
			runOnlyForDeploymentPostprocessing = 0;
		};
/* End PBXResourcesBuildPhase section */

/* Begin PBXSourcesBuildPhase section */
		28772D6121D8BAB1008760C3 /* Sources */ = {
			isa = PBXSourcesBuildPhase;
			buildActionMask = 2147483647;
			files = (
				28772D6921D8BAB1008760C3 /* AppDelegate.swift in Sources */,
				28772DCB21D96B70008760C3 /* RMListView.swift in Sources */,
				28772DB421D95CAC008760C3 /* RMListRouter.swift in Sources */,
				28772DD421D96FA4008760C3 /* RMListRemotePresenter.swift in Sources */,
				28ABC2F421DF35590032251D /* RMCollectionLayout.swift in Sources */,
				28772DC421D961B2008760C3 /* RMCharacterCell.swift in Sources */,
				28772DC921D96B57008760C3 /* RMListPresenter.swift in Sources */,
				28772DB221D95C91008760C3 /* RMRemoteListRouter.swift in Sources */,
				283665EE21DC9C13000C32E9 /* Extensions.swift in Sources */,
				28772DAC21D95B09008760C3 /* RMListAppearence.swift in Sources */,
				28772DC721D96B41008760C3 /* RMListModel.swift in Sources */,
				28772DAE21D95B50008760C3 /* RMRemoteListAppearence.swift in Sources */,
				28772DBB21D96010008760C3 /* RMCellConfigurator.swift in Sources */,
				28772DCF21D96BD1008760C3 /* RMListModelOutput.swift in Sources */,
				283665F221DCAC73000C32E9 /* LoadingView.swift in Sources */,
				283665F021DCAC3D000C32E9 /* LoadingIndicator.swift in Sources */,
				28772DB621D95F16008760C3 /* RMListCollectionHandler.swift in Sources */,
				28ABC2FA21DF498B0032251D /* RMAdvancedCollectionHandler.swift in Sources */,
				28772DA821D958DD008760C3 /* RMListViewController.swift in Sources */,
				28ABC2F621DF3D8D0032251D /* RMCollectionLayoutDelegate.swift in Sources */,
				28772DCD21D96BAB008760C3 /* RMRemoteListModel.swift in Sources */,
				28772DBD21D960B8008760C3 /* RMStandartCellConfigurator.swift in Sources */,
				28ABC2F821DF3E7F0032251D /* RMCollectionLayoutAttributes.swift in Sources */,
				28772DD621D97228008760C3 /* RMStandartCollectionHandler.swift in Sources */,
			);
			runOnlyForDeploymentPostprocessing = 0;
		};
/* End PBXSourcesBuildPhase section */

/* Begin PBXVariantGroup section */
		28772D7121D8BAB4008760C3 /* LaunchScreen.storyboard */ = {
			isa = PBXVariantGroup;
			children = (
				28772D7221D8BAB4008760C3 /* Base */,
			);
			name = LaunchScreen.storyboard;
			sourceTree = "<group>";
		};
/* End PBXVariantGroup section */

/* Begin XCBuildConfiguration section */
		28772D7521D8BAB4008760C3 /* Debug */ = {
			isa = XCBuildConfiguration;
			buildSettings = {
				ALWAYS_SEARCH_USER_PATHS = NO;
				CLANG_ANALYZER_NONNULL = YES;
				CLANG_ANALYZER_NUMBER_OBJECT_CONVERSION = YES_AGGRESSIVE;
				CLANG_CXX_LANGUAGE_STANDARD = "gnu++14";
				CLANG_CXX_LIBRARY = "libc++";
				CLANG_ENABLE_MODULES = YES;
				CLANG_ENABLE_OBJC_ARC = YES;
				CLANG_ENABLE_OBJC_WEAK = YES;
				CLANG_WARN_BLOCK_CAPTURE_AUTORELEASING = YES;
				CLANG_WARN_BOOL_CONVERSION = YES;
				CLANG_WARN_COMMA = YES;
				CLANG_WARN_CONSTANT_CONVERSION = YES;
				CLANG_WARN_DEPRECATED_OBJC_IMPLEMENTATIONS = YES;
				CLANG_WARN_DIRECT_OBJC_ISA_USAGE = YES_ERROR;
				CLANG_WARN_DOCUMENTATION_COMMENTS = YES;
				CLANG_WARN_EMPTY_BODY = YES;
				CLANG_WARN_ENUM_CONVERSION = YES;
				CLANG_WARN_INFINITE_RECURSION = YES;
				CLANG_WARN_INT_CONVERSION = YES;
				CLANG_WARN_NON_LITERAL_NULL_CONVERSION = YES;
				CLANG_WARN_OBJC_IMPLICIT_RETAIN_SELF = YES;
				CLANG_WARN_OBJC_LITERAL_CONVERSION = YES;
				CLANG_WARN_OBJC_ROOT_CLASS = YES_ERROR;
				CLANG_WARN_RANGE_LOOP_ANALYSIS = YES;
				CLANG_WARN_STRICT_PROTOTYPES = YES;
				CLANG_WARN_SUSPICIOUS_MOVE = YES;
				CLANG_WARN_UNGUARDED_AVAILABILITY = YES_AGGRESSIVE;
				CLANG_WARN_UNREACHABLE_CODE = YES;
				CLANG_WARN__DUPLICATE_METHOD_MATCH = YES;
				CODE_SIGN_IDENTITY = "iPhone Developer";
				COPY_PHASE_STRIP = NO;
				DEBUG_INFORMATION_FORMAT = dwarf;
				ENABLE_STRICT_OBJC_MSGSEND = YES;
				ENABLE_TESTABILITY = YES;
				GCC_C_LANGUAGE_STANDARD = gnu11;
				GCC_DYNAMIC_NO_PIC = NO;
				GCC_NO_COMMON_BLOCKS = YES;
				GCC_OPTIMIZATION_LEVEL = 0;
				GCC_PREPROCESSOR_DEFINITIONS = (
					"DEBUG=1",
					"$(inherited)",
				);
				GCC_WARN_64_TO_32_BIT_CONVERSION = YES;
				GCC_WARN_ABOUT_RETURN_TYPE = YES_ERROR;
				GCC_WARN_UNDECLARED_SELECTOR = YES;
				GCC_WARN_UNINITIALIZED_AUTOS = YES_AGGRESSIVE;
				GCC_WARN_UNUSED_FUNCTION = YES;
				GCC_WARN_UNUSED_VARIABLE = YES;
				IPHONEOS_DEPLOYMENT_TARGET = 12.1;
				MTL_ENABLE_DEBUG_INFO = INCLUDE_SOURCE;
				MTL_FAST_MATH = YES;
				ONLY_ACTIVE_ARCH = YES;
				SDKROOT = iphoneos;
				SWIFT_ACTIVE_COMPILATION_CONDITIONS = DEBUG;
				SWIFT_OPTIMIZATION_LEVEL = "-Onone";
			};
			name = Debug;
		};
		28772D7621D8BAB4008760C3 /* Release */ = {
			isa = XCBuildConfiguration;
			buildSettings = {
				ALWAYS_SEARCH_USER_PATHS = NO;
				CLANG_ANALYZER_NONNULL = YES;
				CLANG_ANALYZER_NUMBER_OBJECT_CONVERSION = YES_AGGRESSIVE;
				CLANG_CXX_LANGUAGE_STANDARD = "gnu++14";
				CLANG_CXX_LIBRARY = "libc++";
				CLANG_ENABLE_MODULES = YES;
				CLANG_ENABLE_OBJC_ARC = YES;
				CLANG_ENABLE_OBJC_WEAK = YES;
				CLANG_WARN_BLOCK_CAPTURE_AUTORELEASING = YES;
				CLANG_WARN_BOOL_CONVERSION = YES;
				CLANG_WARN_COMMA = YES;
				CLANG_WARN_CONSTANT_CONVERSION = YES;
				CLANG_WARN_DEPRECATED_OBJC_IMPLEMENTATIONS = YES;
				CLANG_WARN_DIRECT_OBJC_ISA_USAGE = YES_ERROR;
				CLANG_WARN_DOCUMENTATION_COMMENTS = YES;
				CLANG_WARN_EMPTY_BODY = YES;
				CLANG_WARN_ENUM_CONVERSION = YES;
				CLANG_WARN_INFINITE_RECURSION = YES;
				CLANG_WARN_INT_CONVERSION = YES;
				CLANG_WARN_NON_LITERAL_NULL_CONVERSION = YES;
				CLANG_WARN_OBJC_IMPLICIT_RETAIN_SELF = YES;
				CLANG_WARN_OBJC_LITERAL_CONVERSION = YES;
				CLANG_WARN_OBJC_ROOT_CLASS = YES_ERROR;
				CLANG_WARN_RANGE_LOOP_ANALYSIS = YES;
				CLANG_WARN_STRICT_PROTOTYPES = YES;
				CLANG_WARN_SUSPICIOUS_MOVE = YES;
				CLANG_WARN_UNGUARDED_AVAILABILITY = YES_AGGRESSIVE;
				CLANG_WARN_UNREACHABLE_CODE = YES;
				CLANG_WARN__DUPLICATE_METHOD_MATCH = YES;
				CODE_SIGN_IDENTITY = "iPhone Developer";
				COPY_PHASE_STRIP = NO;
				DEBUG_INFORMATION_FORMAT = "dwarf-with-dsym";
				ENABLE_NS_ASSERTIONS = NO;
				ENABLE_STRICT_OBJC_MSGSEND = YES;
				GCC_C_LANGUAGE_STANDARD = gnu11;
				GCC_NO_COMMON_BLOCKS = YES;
				GCC_WARN_64_TO_32_BIT_CONVERSION = YES;
				GCC_WARN_ABOUT_RETURN_TYPE = YES_ERROR;
				GCC_WARN_UNDECLARED_SELECTOR = YES;
				GCC_WARN_UNINITIALIZED_AUTOS = YES_AGGRESSIVE;
				GCC_WARN_UNUSED_FUNCTION = YES;
				GCC_WARN_UNUSED_VARIABLE = YES;
				IPHONEOS_DEPLOYMENT_TARGET = 12.1;
				MTL_ENABLE_DEBUG_INFO = NO;
				MTL_FAST_MATH = YES;
				SDKROOT = iphoneos;
				SWIFT_COMPILATION_MODE = wholemodule;
				SWIFT_OPTIMIZATION_LEVEL = "-O";
				VALIDATE_PRODUCT = YES;
			};
			name = Release;
		};
		28772D7821D8BAB4008760C3 /* Debug */ = {
			isa = XCBuildConfiguration;
			buildSettings = {
				ASSETCATALOG_COMPILER_APPICON_NAME = AppIcon;
				CODE_SIGN_STYLE = Automatic;
				DEVELOPMENT_TEAM = 8TW4GE7GG5;
				INFOPLIST_FILE = "$(SRCROOT)/Rick&Morty/Support filles/Info.plist";
				IPHONEOS_DEPLOYMENT_TARGET = 9.0;
				LD_RUNPATH_SEARCH_PATHS = (
					"$(inherited)",
					"@executable_path/Frameworks",
				);
				PRODUCT_BUNDLE_IDENTIFIER = "igortomilin.personalteam.Rick-Morty";
				PRODUCT_NAME = "$(TARGET_NAME)";
				SWIFT_VERSION = 4.2;
				TARGETED_DEVICE_FAMILY = "1,2";
			};
			name = Debug;
		};
		28772D7921D8BAB4008760C3 /* Release */ = {
			isa = XCBuildConfiguration;
			buildSettings = {
				ASSETCATALOG_COMPILER_APPICON_NAME = AppIcon;
				CODE_SIGN_STYLE = Automatic;
				DEVELOPMENT_TEAM = 8TW4GE7GG5;
				INFOPLIST_FILE = "$(SRCROOT)/Rick&Morty/Support filles/Info.plist";
				IPHONEOS_DEPLOYMENT_TARGET = 9.0;
				LD_RUNPATH_SEARCH_PATHS = (
					"$(inherited)",
					"@executable_path/Frameworks",
				);
				PRODUCT_BUNDLE_IDENTIFIER = "igortomilin.personalteam.Rick-Morty";
				PRODUCT_NAME = "$(TARGET_NAME)";
				SWIFT_VERSION = 4.2;
				TARGETED_DEVICE_FAMILY = "1,2";
			};
			name = Release;
		};
/* End XCBuildConfiguration section */

/* Begin XCConfigurationList section */
		28772D6021D8BAB1008760C3 /* Build configuration list for PBXProject "Rick&Morty" */ = {
			isa = XCConfigurationList;
			buildConfigurations = (
				28772D7521D8BAB4008760C3 /* Debug */,
				28772D7621D8BAB4008760C3 /* Release */,
			);
			defaultConfigurationIsVisible = 0;
			defaultConfigurationName = Release;
		};
		28772D7721D8BAB4008760C3 /* Build configuration list for PBXNativeTarget "Rick&Morty" */ = {
			isa = XCConfigurationList;
			buildConfigurations = (
				28772D7821D8BAB4008760C3 /* Debug */,
				28772D7921D8BAB4008760C3 /* Release */,
			);
			defaultConfigurationIsVisible = 0;
			defaultConfigurationName = Release;
		};
/* End XCConfigurationList section */
	};
	rootObject = 28772D5D21D8BAB1008760C3 /* Project object */;
}
